PODS:
  - Capacitor (6.1.2):
    - CapacitorCordova
  - CapacitorApp (6.0.1):
    - Capacitor
  - CapacitorBrowser (6.0.2):
    - Capacitor
  - CapacitorCommunityMedia (6.0.0):
    - Capacitor
    - SDWebImage
  - CapacitorCordova (6.1.2)
  - CapacitorHaptics (6.0.1):
    - Capacitor
  - CapacitorKeyboard (6.0.2):
    - Capacitor
  - CapacitorSplashScreen (6.0.2):
    - Capacitor
  - CapacitorStatusBar (6.0.1):
    - Capacitor
  - SDWebImage (5.19.7):
    - SDWebImage/Core (= 5.19.7)
  - SDWebImage/Core (5.19.7)

DEPENDENCIES:
  - "Capacitor (from `../../node_modules/@capacitor/ios`)"
  - "CapacitorApp (from `../../node_modules/@capacitor/app`)"
  - "CapacitorBrowser (from `../../node_modules/@capacitor/browser`)"
  - "CapacitorCommunityMedia (from `../../node_modules/@capacitor-community/media`)"
  - "CapacitorCordova (from `../../node_modules/@capacitor/ios`)"
  - "CapacitorHaptics (from `../../node_modules/@capacitor/haptics`)"
  - "CapacitorKeyboard (from `../../node_modules/@capacitor/keyboard`)"
  - "CapacitorSplashScreen (from `../../node_modules/@capacitor/splash-screen`)"
  - "CapacitorStatusBar (from `../../node_modules/@capacitor/status-bar`)"

SPEC REPOS:
  trunk:
    - SDWebImage

EXTERNAL SOURCES:
  Capacitor:
    :path: "../../node_modules/@capacitor/ios"
  CapacitorApp:
    :path: "../../node_modules/@capacitor/app"
  CapacitorBrowser:
    :path: "../../node_modules/@capacitor/browser"
  CapacitorCommunityMedia:
    :path: "../../node_modules/@capacitor-community/media"
  CapacitorCordova:
    :path: "../../node_modules/@capacitor/ios"
  CapacitorHaptics:
    :path: "../../node_modules/@capacitor/haptics"
  CapacitorKeyboard:
    :path: "../../node_modules/@capacitor/keyboard"
  CapacitorSplashScreen:
    :path: "../../node_modules/@capacitor/splash-screen"
  CapacitorStatusBar:
    :path: "../../node_modules/@capacitor/status-bar"

SPEC CHECKSUMS:
  Capacitor: 69c7f687aabb8d85e543497411e40638b5cc08c0
  CapacitorApp: f51c08c64df914fc934239fd1b3fc809d62a02f6
  CapacitorBrowser: 80345fe3b83664d2f953e9fe102a996df73ec809
  CapacitorCommunityMedia: 7ed0fb7688872e482fc78d286a3ef9ba94035c71
  CapacitorCordova: f48c89f96c319101cd2f0ce8a2b7449b5fb8b3dd
  CapacitorHaptics: 05d33e20e394b1977dfd2a00a2621e04098164c1
  CapacitorKeyboard: 5bf4458dd989b56a60ea15c92cbca5fbfae6e9f9
  CapacitorSplashScreen: b46e61cc4345d73d510530b0c845a30e3602db40
  CapacitorStatusBar: 9ed7f06318fd436917072a9bf60fda56d12c8bdb
  SDWebImage: 8a6b7b160b4d710e2a22b6900e25301075c34cb3

PODFILE CHECKSUM: d652aa3a9b959b5f3062aa1f1ca6eeccd0424b16

COCOAPODS: 1.16.2
